
Microsoft Visual Studio Solution File, Format Version 12.00
# Visual Studio Version 16
VisualStudioVersion = 16.0.30804.86
MinimumVisualStudioVersion = 10.0.40219.1
Project("{FAE04EC0-301F-11D3-BF4B-00C04F79EFBC}") = "Final Project_Mortgage_Assessment_Calculator", "Final Project_Mortgage_Assessment_Calculator.csproj", "{2E60CAC6-5F43-49A9-837B-AD501FC165F7}"
EndProject
Global
	GlobalSection(SolutionConfigurationPlatforms) = preSolution
		Debug|Any CPU = Debug|Any CPU
		Release|Any CPU = Release|Any CPU
	EndGlobalSection
	GlobalSection(ProjectConfigurationPlatforms) = postSolution
		{2E60CAC6-5F43-49A9-837B-AD501FC165F7}.Debug|Any CPU.ActiveCfg = Debug|Any CPU
		{2E60CAC6-5F43-49A9-837B-AD501FC165F7}.Debug|Any CPU.Build.0 = Debug|Any CPU
		{2E60CAC6-5F43-49A9-837B-AD501FC165F7}.Release|Any CPU.ActiveCfg = Release|Any CPU
		{2E60CAC6-5F43-49A9-837B-AD501FC165F7}.Release|Any CPU.Build.0 = Release|Any CPU
	EndGlobalSection
	GlobalSection(SolutionProperties) = preSolution
		HideSolutionNode = FALSE
	EndGlobalSection
	GlobalSection(ExtensibilityGlobals) = postSolution
		SolutionGuid = {EF3EE27A-0D64-4C3A-8E73-A53CA0E97CB1}
	EndGlobalSection
EndGlobal
